// !$*UTF8*$!
{
	archiveVersion = 1;
	classes = {
	};
	objectVersion = 46;
	objects = {

/* Begin PBXBuildFile section */
		670068BE1CD80C0500D18BE8 /* main.m in Sources */ = {isa = PBXBuildFile; fileRef = 670068BD1CD80C0500D18BE8 /* main.m */; };
		670068C11CD80C0500D18BE8 /* AppDelegate.m in Sources */ = {isa = PBXBuildFile; fileRef = 670068C01CD80C0500D18BE8 /* AppDelegate.m */; };
		670068C71CD80C0500D18BE8 /* Main.storyboard in Resources */ = {isa = PBXBuildFile; fileRef = 670068C51CD80C0500D18BE8 /* Main.storyboard */; };
		670068CA1CD80C0500D18BE8 /* Kings.xcdatamodeld in Sources */ = {isa = PBXBuildFile; fileRef = 670068C81CD80C0500D18BE8 /* Kings.xcdatamodeld */; };
		670068CC1CD80C0500D18BE8 /* Assets.xcassets in Resources */ = {isa = PBXBuildFile; fileRef = 670068CB1CD80C0500D18BE8 /* Assets.xcassets */; };
		670068CF1CD80C0500D18BE8 /* LaunchScreen.storyboard in Resources */ = {isa = PBXBuildFile; fileRef = 670068CD1CD80C0500D18BE8 /* LaunchScreen.storyboard */; };
		670068F41CD80C6100D18BE8 /* LandingViewController.m in Sources */ = {isa = PBXBuildFile; fileRef = 670068F31CD80C6100D18BE8 /* LandingViewController.m */; };
		670068F71CD80CA400D18BE8 /* GameHomeViewController.m in Sources */ = {isa = PBXBuildFile; fileRef = 670068F61CD80CA400D18BE8 /* GameHomeViewController.m */; };
		670068FB1CD80CCC00D18BE8 /* Game.m in Sources */ = {isa = PBXBuildFile; fileRef = 670068FA1CD80CCC00D18BE8 /* Game.m */; };
		670068FF1CD80D0800D18BE8 /* Player.m in Sources */ = {isa = PBXBuildFile; fileRef = 670068FE1CD80D0800D18BE8 /* Player.m */; };
		670069031CD8112A00D18BE8 /* TopMenuView.m in Sources */ = {isa = PBXBuildFile; fileRef = 670069021CD8112A00D18BE8 /* TopMenuView.m */; };
		670069051CD8113600D18BE8 /* TopMenuView.xib in Resources */ = {isa = PBXBuildFile; fileRef = 670069041CD8113600D18BE8 /* TopMenuView.xib */; };
		670069091CD8136000D18BE8 /* GameMapView.m in Sources */ = {isa = PBXBuildFile; fileRef = 670069081CD8136000D18BE8 /* GameMapView.m */; };
		6700690B1CD8136D00D18BE8 /* GameMapView.xib in Resources */ = {isa = PBXBuildFile; fileRef = 6700690A1CD8136D00D18BE8 /* GameMapView.xib */; };
		6700690F1CD8148700D18BE8 /* GameHelper.m in Sources */ = {isa = PBXBuildFile; fileRef = 6700690E1CD8148700D18BE8 /* GameHelper.m */; };
		670069121CD833D800D18BE8 /* City.m in Sources */ = {isa = PBXBuildFile; fileRef = 670069111CD833D800D18BE8 /* City.m */; };
		670069151CD8355100D18BE8 /* CityCell.m in Sources */ = {isa = PBXBuildFile; fileRef = 670069141CD8355100D18BE8 /* CityCell.m */; };
		670069171CD8355E00D18BE8 /* CityCell.xib in Resources */ = {isa = PBXBuildFile; fileRef = 670069161CD8355E00D18BE8 /* CityCell.xib */; };
		6700691C1CD837C500D18BE8 /* TemplateFancyNameLabel.m in Sources */ = {isa = PBXBuildFile; fileRef = 6700691B1CD837C500D18BE8 /* TemplateFancyNameLabel.m */; };
		6700691F1CD83AD000D18BE8 /* CityUtils.m in Sources */ = {isa = PBXBuildFile; fileRef = 6700691E1CD83AD000D18BE8 /* CityUtils.m */; };
		6789BF271CDEA1E4004A1589 /* Podfile in Resources */ = {isa = PBXBuildFile; fileRef = 6789BF261CDEA1E4004A1589 /* Podfile */; };
		6789BF281CDEA1E4004A1589 /* Podfile in Resources */ = {isa = PBXBuildFile; fileRef = 6789BF261CDEA1E4004A1589 /* Podfile */; };
		6789BF291CDEA1E4004A1589 /* Podfile in Resources */ = {isa = PBXBuildFile; fileRef = 6789BF261CDEA1E4004A1589 /* Podfile */; };
		67B372601CDC353D000C2120 /* CityViewController.m in Sources */ = {isa = PBXBuildFile; fileRef = 67B3725F1CDC353D000C2120 /* CityViewController.m */; };
/* End PBXBuildFile section */

/* Begin PBXContainerItemProxy section */
		670068D61CD80C0500D18BE8 /* PBXContainerItemProxy */ = {
			isa = PBXContainerItemProxy;
			containerPortal = 670068B11CD80C0500D18BE8 /* Project object */;
			proxyType = 1;
			remoteGlobalIDString = 670068B81CD80C0500D18BE8;
			remoteInfo = Kings;
		};
		670068E11CD80C0600D18BE8 /* PBXContainerItemProxy */ = {
			isa = PBXContainerItemProxy;
			containerPortal = 670068B11CD80C0500D18BE8 /* Project object */;
			proxyType = 1;
			remoteGlobalIDString = 670068B81CD80C0500D18BE8;
			remoteInfo = Kings;
		};
/* End PBXContainerItemProxy section */

/* Begin PBXFileReference section */
		670068B91CD80C0500D18BE8 /* Kings.app */ = {isa = PBXFileReference; explicitFileType = wrapper.application; includeInIndex = 0; path = Kings.app; sourceTree = BUILT_PRODUCTS_DIR; };
		670068BD1CD80C0500D18BE8 /* main.m */ = {isa = PBXFileReference; lastKnownFileType = sourcecode.c.objc; path = main.m; sourceTree = "<group>"; };
		670068BF1CD80C0500D18BE8 /* AppDelegate.h */ = {isa = PBXFileReference; lastKnownFileType = sourcecode.c.h; path = AppDelegate.h; sourceTree = "<group>"; };
		670068C01CD80C0500D18BE8 /* AppDelegate.m */ = {isa = PBXFileReference; lastKnownFileType = sourcecode.c.objc; path = AppDelegate.m; sourceTree = "<group>"; };
		670068C61CD80C0500D18BE8 /* Base */ = {isa = PBXFileReference; lastKnownFileType = file.storyboard; name = Base; path = Base.lproj/Main.storyboard; sourceTree = "<group>"; };
		670068C91CD80C0500D18BE8 /* Kings.xcdatamodel */ = {isa = PBXFileReference; lastKnownFileType = wrapper.xcdatamodel; path = Kings.xcdatamodel; sourceTree = "<group>"; };
		670068CB1CD80C0500D18BE8 /* Assets.xcassets */ = {isa = PBXFileReference; lastKnownFileType = folder.assetcatalog; path = Assets.xcassets; sourceTree = "<group>"; };
		670068CE1CD80C0500D18BE8 /* Base */ = {isa = PBXFileReference; lastKnownFileType = file.storyboard; name = Base; path = Base.lproj/LaunchScreen.storyboard; sourceTree = "<group>"; };
		670068D01CD80C0500D18BE8 /* Info.plist */ = {isa = PBXFileReference; lastKnownFileType = text.plist.xml; path = Info.plist; sourceTree = "<group>"; };
		670068D51CD80C0500D18BE8 /* KingsTests.xctest */ = {isa = PBXFileReference; explicitFileType = wrapper.cfbundle; includeInIndex = 0; path = KingsTests.xctest; sourceTree = BUILT_PRODUCTS_DIR; };
		670068E01CD80C0600D18BE8 /* KingsUITests.xctest */ = {isa = PBXFileReference; explicitFileType = wrapper.cfbundle; includeInIndex = 0; path = KingsUITests.xctest; sourceTree = BUILT_PRODUCTS_DIR; };
		670068E61CD80C0600D18BE8 /* Info.plist */ = {isa = PBXFileReference; lastKnownFileType = text.plist.xml; path = Info.plist; sourceTree = "<group>"; };
		670068F21CD80C6100D18BE8 /* LandingViewController.h */ = {isa = PBXFileReference; fileEncoding = 4; lastKnownFileType = sourcecode.c.h; path = LandingViewController.h; sourceTree = "<group>"; };
		670068F31CD80C6100D18BE8 /* LandingViewController.m */ = {isa = PBXFileReference; fileEncoding = 4; lastKnownFileType = sourcecode.c.objc; path = LandingViewController.m; sourceTree = "<group>"; };
		670068F51CD80CA400D18BE8 /* GameHomeViewController.h */ = {isa = PBXFileReference; fileEncoding = 4; lastKnownFileType = sourcecode.c.h; path = GameHomeViewController.h; sourceTree = "<group>"; };
		670068F61CD80CA400D18BE8 /* GameHomeViewController.m */ = {isa = PBXFileReference; fileEncoding = 4; lastKnownFileType = sourcecode.c.objc; path = GameHomeViewController.m; sourceTree = "<group>"; };
		670068F91CD80CCC00D18BE8 /* Game.h */ = {isa = PBXFileReference; fileEncoding = 4; lastKnownFileType = sourcecode.c.h; path = Game.h; sourceTree = "<group>"; };
		670068FA1CD80CCC00D18BE8 /* Game.m */ = {isa = PBXFileReference; fileEncoding = 4; lastKnownFileType = sourcecode.c.objc; path = Game.m; sourceTree = "<group>"; };
		670068FD1CD80D0800D18BE8 /* Player.h */ = {isa = PBXFileReference; fileEncoding = 4; lastKnownFileType = sourcecode.c.h; path = Player.h; sourceTree = "<group>"; };
		670068FE1CD80D0800D18BE8 /* Player.m */ = {isa = PBXFileReference; fileEncoding = 4; lastKnownFileType = sourcecode.c.objc; path = Player.m; sourceTree = "<group>"; };
		670069001CD80DD000D18BE8 /* Kings.pch */ = {isa = PBXFileReference; fileEncoding = 4; lastKnownFileType = sourcecode.c.h; path = Kings.pch; sourceTree = "<group>"; };
		670069011CD8112A00D18BE8 /* TopMenuView.h */ = {isa = PBXFileReference; fileEncoding = 4; lastKnownFileType = sourcecode.c.h; path = TopMenuView.h; sourceTree = "<group>"; };
		670069021CD8112A00D18BE8 /* TopMenuView.m */ = {isa = PBXFileReference; fileEncoding = 4; lastKnownFileType = sourcecode.c.objc; path = TopMenuView.m; sourceTree = "<group>"; };
		670069041CD8113600D18BE8 /* TopMenuView.xib */ = {isa = PBXFileReference; fileEncoding = 4; lastKnownFileType = file.xib; path = TopMenuView.xib; sourceTree = "<group>"; };
		670069071CD8136000D18BE8 /* GameMapView.h */ = {isa = PBXFileReference; fileEncoding = 4; lastKnownFileType = sourcecode.c.h; path = GameMapView.h; sourceTree = "<group>"; };
		670069081CD8136000D18BE8 /* GameMapView.m */ = {isa = PBXFileReference; fileEncoding = 4; lastKnownFileType = sourcecode.c.objc; path = GameMapView.m; sourceTree = "<group>"; };
		6700690A1CD8136D00D18BE8 /* GameMapView.xib */ = {isa = PBXFileReference; fileEncoding = 4; lastKnownFileType = file.xib; path = GameMapView.xib; sourceTree = "<group>"; };
		6700690D1CD8148700D18BE8 /* GameHelper.h */ = {isa = PBXFileReference; fileEncoding = 4; lastKnownFileType = sourcecode.c.h; path = GameHelper.h; sourceTree = "<group>"; };
		6700690E1CD8148700D18BE8 /* GameHelper.m */ = {isa = PBXFileReference; fileEncoding = 4; lastKnownFileType = sourcecode.c.objc; path = GameHelper.m; sourceTree = "<group>"; };
		670069101CD833D800D18BE8 /* City.h */ = {isa = PBXFileReference; fileEncoding = 4; lastKnownFileType = sourcecode.c.h; path = City.h; sourceTree = "<group>"; };
		670069111CD833D800D18BE8 /* City.m */ = {isa = PBXFileReference; fileEncoding = 4; lastKnownFileType = sourcecode.c.objc; path = City.m; sourceTree = "<group>"; };
		670069131CD8355100D18BE8 /* CityCell.h */ = {isa = PBXFileReference; fileEncoding = 4; lastKnownFileType = sourcecode.c.h; path = CityCell.h; sourceTree = "<group>"; };
		670069141CD8355100D18BE8 /* CityCell.m */ = {isa = PBXFileReference; fileEncoding = 4; lastKnownFileType = sourcecode.c.objc; path = CityCell.m; sourceTree = "<group>"; };
		670069161CD8355E00D18BE8 /* CityCell.xib */ = {isa = PBXFileReference; fileEncoding = 4; lastKnownFileType = file.xib; path = CityCell.xib; sourceTree = "<group>"; };
		6700691A1CD837C500D18BE8 /* TemplateFancyNameLabel.h */ = {isa = PBXFileReference; fileEncoding = 4; lastKnownFileType = sourcecode.c.h; path = TemplateFancyNameLabel.h; sourceTree = "<group>"; };
		6700691B1CD837C500D18BE8 /* TemplateFancyNameLabel.m */ = {isa = PBXFileReference; fileEncoding = 4; lastKnownFileType = sourcecode.c.objc; path = TemplateFancyNameLabel.m; sourceTree = "<group>"; };
		6700691D1CD83AD000D18BE8 /* CityUtils.h */ = {isa = PBXFileReference; fileEncoding = 4; lastKnownFileType = sourcecode.c.h; path = CityUtils.h; sourceTree = "<group>"; };
		6700691E1CD83AD000D18BE8 /* CityUtils.m */ = {isa = PBXFileReference; fileEncoding = 4; lastKnownFileType = sourcecode.c.objc; path = CityUtils.m; sourceTree = "<group>"; };
		6789BF261CDEA1E4004A1589 /* Podfile */ = {isa = PBXFileReference; fileEncoding = 4; lastKnownFileType = text; path = Podfile; sourceTree = SOURCE_ROOT; xcLanguageSpecificationIdentifier = xcode.lang.ruby; };
		67B3725E1CDC353D000C2120 /* CityViewController.h */ = {isa = PBXFileReference; fileEncoding = 4; lastKnownFileType = sourcecode.c.h; path = CityViewController.h; sourceTree = "<group>"; };
		67B3725F1CDC353D000C2120 /* CityViewController.m */ = {isa = PBXFileReference; fileEncoding = 4; lastKnownFileType = sourcecode.c.objc; path = CityViewController.m; sourceTree = "<group>"; };
/* End PBXFileReference section */

/* Begin PBXFrameworksBuildPhase section */
		670068B61CD80C0500D18BE8 /* Frameworks */ = {
			isa = PBXFrameworksBuildPhase;
			buildActionMask = 2147483647;
			files = (
			);
			runOnlyForDeploymentPostprocessing = 0;
		};
		670068D21CD80C0500D18BE8 /* Frameworks */ = {
			isa = PBXFrameworksBuildPhase;
			buildActionMask = 2147483647;
			files = (
			);
			runOnlyForDeploymentPostprocessing = 0;
		};
		670068DD1CD80C0600D18BE8 /* Frameworks */ = {
			isa = PBXFrameworksBuildPhase;
			buildActionMask = 2147483647;
			files = (
			);
			runOnlyForDeploymentPostprocessing = 0;
		};
/* End PBXFrameworksBuildPhase section */

/* Begin PBXGroup section */
		670068B01CD80C0500D18BE8 = {
			isa = PBXGroup;
			children = (
				670068BB1CD80C0500D18BE8 /* Kings */,
				670068D81CD80C0500D18BE8 /* KingsTests */,
				670068E31CD80C0600D18BE8 /* KingsUITests */,
				670068BA1CD80C0500D18BE8 /* Products */,
			);
			sourceTree = "<group>";
		};
		670068BA1CD80C0500D18BE8 /* Products */ = {
			isa = PBXGroup;
			children = (
				670068B91CD80C0500D18BE8 /* Kings.app */,
				670068D51CD80C0500D18BE8 /* KingsTests.xctest */,
				670068E01CD80C0600D18BE8 /* KingsUITests.xctest */,
			);
			name = Products;
			sourceTree = "<group>";
		};
		670068BB1CD80C0500D18BE8 /* Kings */ = {
			isa = PBXGroup;
			children = (
				670068BF1CD80C0500D18BE8 /* AppDelegate.h */,
				6789BF261CDEA1E4004A1589 /* Podfile */,
				670068C01CD80C0500D18BE8 /* AppDelegate.m */,
				670068C51CD80C0500D18BE8 /* Main.storyboard */,
				670068F21CD80C6100D18BE8 /* LandingViewController.h */,
				670068F31CD80C6100D18BE8 /* LandingViewController.m */,
				670069061CD8132C00D18BE8 /* TopView */,
				670069001CD80DD000D18BE8 /* Kings.pch */,
				6700690C1CD8137300D18BE8 /* GameMapView */,
				670068FC1CD80CD000D18BE8 /* Models */,
				670068F81CD80CAF00D18BE8 /* Game */,
				670068CB1CD80C0500D18BE8 /* Assets.xcassets */,
				670068CD1CD80C0500D18BE8 /* LaunchScreen.storyboard */,
				670068D01CD80C0500D18BE8 /* Info.plist */,
				670068C81CD80C0500D18BE8 /* Kings.xcdatamodeld */,
				670068BC1CD80C0500D18BE8 /* Supporting Files */,
			);
			path = Kings;
			sourceTree = "<group>";
		};
		670068BC1CD80C0500D18BE8 /* Supporting Files */ = {
			isa = PBXGroup;
			children = (
				670068BD1CD80C0500D18BE8 /* main.m */,
			);
			name = "Supporting Files";
			sourceTree = "<group>";
		};
		670068D81CD80C0500D18BE8 /* KingsTests */ = {
			isa = PBXGroup;
			children = (
			);
			path = KingsTests;
			sourceTree = "<group>";
		};
		670068E31CD80C0600D18BE8 /* KingsUITests */ = {
			isa = PBXGroup;
			children = (
				670068E61CD80C0600D18BE8 /* Info.plist */,
			);
			path = KingsUITests;
			sourceTree = "<group>";
		};
		670068F81CD80CAF00D18BE8 /* Game */ = {
			isa = PBXGroup;
			children = (
				670068F51CD80CA400D18BE8 /* GameHomeViewController.h */,
				670068F61CD80CA400D18BE8 /* GameHomeViewController.m */,
				67B3725E1CDC353D000C2120 /* CityViewController.h */,
				67B3725F1CDC353D000C2120 /* CityViewController.m */,
				670069191CD837A200D18BE8 /* Templates */,
			);
			name = Game;
			sourceTree = "<group>";
		};
		670068FC1CD80CD000D18BE8 /* Models */ = {
			isa = PBXGroup;
			children = (
				670069101CD833D800D18BE8 /* City.h */,
				670069111CD833D800D18BE8 /* City.m */,
				670068F91CD80CCC00D18BE8 /* Game.h */,
				670068FA1CD80CCC00D18BE8 /* Game.m */,
				670068FD1CD80D0800D18BE8 /* Player.h */,
				670068FE1CD80D0800D18BE8 /* Player.m */,
				6700690D1CD8148700D18BE8 /* GameHelper.h */,
				6700690E1CD8148700D18BE8 /* GameHelper.m */,
			);
			name = Models;
			sourceTree = "<group>";
		};
		670069061CD8132C00D18BE8 /* TopView */ = {
			isa = PBXGroup;
			children = (
				670069011CD8112A00D18BE8 /* TopMenuView.h */,
				670069021CD8112A00D18BE8 /* TopMenuView.m */,
				670069041CD8113600D18BE8 /* TopMenuView.xib */,
			);
			name = TopView;
			sourceTree = "<group>";
		};
		6700690C1CD8137300D18BE8 /* GameMapView */ = {
			isa = PBXGroup;
			children = (
				670069071CD8136000D18BE8 /* GameMapView.h */,
				670069081CD8136000D18BE8 /* GameMapView.m */,
				6700690A1CD8136D00D18BE8 /* GameMapView.xib */,
				670069181CD8358500D18BE8 /* cityCell */,
			);
			name = GameMapView;
			sourceTree = "<group>";
		};
		670069181CD8358500D18BE8 /* cityCell */ = {
			isa = PBXGroup;
			children = (
				670069131CD8355100D18BE8 /* CityCell.h */,
				670069141CD8355100D18BE8 /* CityCell.m */,
				670069161CD8355E00D18BE8 /* CityCell.xib */,
			);
			name = cityCell;
			sourceTree = "<group>";
		};
		670069191CD837A200D18BE8 /* Templates */ = {
			isa = PBXGroup;
			children = (
				6700691A1CD837C500D18BE8 /* TemplateFancyNameLabel.h */,
				6700691B1CD837C500D18BE8 /* TemplateFancyNameLabel.m */,
				6700691D1CD83AD000D18BE8 /* CityUtils.h */,
				6700691E1CD83AD000D18BE8 /* CityUtils.m */,
			);
			name = Templates;
			sourceTree = "<group>";
		};
/* End PBXGroup section */

/* Begin PBXNativeTarget section */
		670068B81CD80C0500D18BE8 /* Kings */ = {
			isa = PBXNativeTarget;
			buildConfigurationList = 670068E91CD80C0600D18BE8 /* Build configuration list for PBXNativeTarget "Kings" */;
			buildPhases = (
				670068B51CD80C0500D18BE8 /* Sources */,
				670068B61CD80C0500D18BE8 /* Frameworks */,
				670068B71CD80C0500D18BE8 /* Resources */,
			);
			buildRules = (
			);
			dependencies = (
			);
			name = Kings;
			productName = Kings;
			productReference = 670068B91CD80C0500D18BE8 /* Kings.app */;
			productType = "com.apple.product-type.application";
		};
		670068D41CD80C0500D18BE8 /* KingsTests */ = {
			isa = PBXNativeTarget;
			buildConfigurationList = 670068EC1CD80C0600D18BE8 /* Build configuration list for PBXNativeTarget "KingsTests" */;
			buildPhases = (
				670068D11CD80C0500D18BE8 /* Sources */,
				670068D21CD80C0500D18BE8 /* Frameworks */,
				670068D31CD80C0500D18BE8 /* Resources */,
			);
			buildRules = (
			);
			dependencies = (
				670068D71CD80C0500D18BE8 /* PBXTargetDependency */,
			);
			name = KingsTests;
			productName = KingsTests;
			productReference = 670068D51CD80C0500D18BE8 /* KingsTests.xctest */;
			productType = "com.apple.product-type.bundle.unit-test";
		};
		670068DF1CD80C0600D18BE8 /* KingsUITests */ = {
			isa = PBXNativeTarget;
			buildConfigurationList = 670068EF1CD80C0600D18BE8 /* Build configuration list for PBXNativeTarget "KingsUITests" */;
			buildPhases = (
				670068DC1CD80C0600D18BE8 /* Sources */,
				670068DD1CD80C0600D18BE8 /* Frameworks */,
				670068DE1CD80C0600D18BE8 /* Resources */,
			);
			buildRules = (
			);
			dependencies = (
				670068E21CD80C0600D18BE8 /* PBXTargetDependency */,
			);
			name = KingsUITests;
			productName = KingsUITests;
			productReference = 670068E01CD80C0600D18BE8 /* KingsUITests.xctest */;
			productType = "com.apple.product-type.bundle.ui-testing";
		};
/* End PBXNativeTarget section */

/* Begin PBXProject section */
		670068B11CD80C0500D18BE8 /* Project object */ = {
			isa = PBXProject;
			attributes = {
				LastUpgradeCheck = 0720;
				ORGANIZATIONNAME = Bishow;
				TargetAttributes = {
					670068B81CD80C0500D18BE8 = {
						CreatedOnToolsVersion = 7.2;
					};
					670068D41CD80C0500D18BE8 = {
						CreatedOnToolsVersion = 7.2;
						TestTargetID = 670068B81CD80C0500D18BE8;
					};
					670068DF1CD80C0600D18BE8 = {
						CreatedOnToolsVersion = 7.2;
						TestTargetID = 670068B81CD80C0500D18BE8;
					};
				};
			};
			buildConfigurationList = 670068B41CD80C0500D18BE8 /* Build configuration list for PBXProject "Kings" */;
			compatibilityVersion = "Xcode 3.2";
			developmentRegion = English;
			hasScannedForEncodings = 0;
			knownRegions = (
				en,
				Base,
			);
			mainGroup = 670068B01CD80C0500D18BE8;
			productRefGroup = 670068BA1CD80C0500D18BE8 /* Products */;
			projectDirPath = "";
			projectRoot = "";
			targets = (
				670068B81CD80C0500D18BE8 /* Kings */,
				670068D41CD80C0500D18BE8 /* KingsTests */,
				670068DF1CD80C0600D18BE8 /* KingsUITests */,
			);
		};
/* End PBXProject section */

/* Begin PBXResourcesBuildPhase section */
		670068B71CD80C0500D18BE8 /* Resources */ = {
			isa = PBXResourcesBuildPhase;
			buildActionMask = 2147483647;
			files = (
				670069171CD8355E00D18BE8 /* CityCell.xib in Resources */,
				670068CF1CD80C0500D18BE8 /* LaunchScreen.storyboard in Resources */,
				670068CC1CD80C0500D18BE8 /* Assets.xcassets in Resources */,
				6700690B1CD8136D00D18BE8 /* GameMapView.xib in Resources */,
				670068C71CD80C0500D18BE8 /* Main.storyboard in Resources */,
				6789BF271CDEA1E4004A1589 /* Podfile in Resources */,
				670069051CD8113600D18BE8 /* TopMenuView.xib in Resources */,
			);
			runOnlyForDeploymentPostprocessing = 0;
		};
		670068D31CD80C0500D18BE8 /* Resources */ = {
			isa = PBXResourcesBuildPhase;
			buildActionMask = 2147483647;
			files = (
				6789BF281CDEA1E4004A1589 /* Podfile in Resources */,
			);
			runOnlyForDeploymentPostprocessing = 0;
		};
		670068DE1CD80C0600D18BE8 /* Resources */ = {
			isa = PBXResourcesBuildPhase;
			buildActionMask = 2147483647;
			files = (
				6789BF291CDEA1E4004A1589 /* Podfile in Resources */,
			);
			runOnlyForDeploymentPostprocessing = 0;
		};
/* End PBXResourcesBuildPhase section */

/* Begin PBXSourcesBuildPhase section */
		670068B51CD80C0500D18BE8 /* Sources */ = {
			isa = PBXSourcesBuildPhase;
			buildActionMask = 2147483647;
			files = (
				670068F71CD80CA400D18BE8 /* GameHomeViewController.m in Sources */,
				670068C11CD80C0500D18BE8 /* AppDelegate.m in Sources */,
				670068CA1CD80C0500D18BE8 /* Kings.xcdatamodeld in Sources */,
				6700690F1CD8148700D18BE8 /* GameHelper.m in Sources */,
				6700691C1CD837C500D18BE8 /* TemplateFancyNameLabel.m in Sources */,
				670069031CD8112A00D18BE8 /* TopMenuView.m in Sources */,
				670069121CD833D800D18BE8 /* City.m in Sources */,
				67B372601CDC353D000C2120 /* CityViewController.m in Sources */,
				670068FB1CD80CCC00D18BE8 /* Game.m in Sources */,
				6700691F1CD83AD000D18BE8 /* CityUtils.m in Sources */,
				670068F41CD80C6100D18BE8 /* LandingViewController.m in Sources */,
				670068FF1CD80D0800D18BE8 /* Player.m in Sources */,
				670069091CD8136000D18BE8 /* GameMapView.m in Sources */,
				670069151CD8355100D18BE8 /* CityCell.m in Sources */,
				670068BE1CD80C0500D18BE8 /* main.m in Sources */,
			);
			runOnlyForDeploymentPostprocessing = 0;
		};
		670068D11CD80C0500D18BE8 /* Sources */ = {
			isa = PBXSourcesBuildPhase;
			buildActionMask = 2147483647;
			files = (
			);
			runOnlyForDeploymentPostprocessing = 0;
		};
		670068DC1CD80C0600D18BE8 /* Sources */ = {
			isa = PBXSourcesBuildPhase;
			buildActionMask = 2147483647;
			files = (
			);
			runOnlyForDeploymentPostprocessing = 0;
		};
/* End PBXSourcesBuildPhase section */

/* Begin PBXTargetDependency section */
		670068D71CD80C0500D18BE8 /* PBXTargetDependency */ = {
			isa = PBXTargetDependency;
			target = 670068B81CD80C0500D18BE8 /* Kings */;
			targetProxy = 670068D61CD80C0500D18BE8 /* PBXContainerItemProxy */;
		};
		670068E21CD80C0600D18BE8 /* PBXTargetDependency */ = {
			isa = PBXTargetDependency;
			target = 670068B81CD80C0500D18BE8 /* Kings */;
			targetProxy = 670068E11CD80C0600D18BE8 /* PBXContainerItemProxy */;
		};
/* End PBXTargetDependency section */

/* Begin PBXVariantGroup section */
		670068C51CD80C0500D18BE8 /* Main.storyboard */ = {
			isa = PBXVariantGroup;
			children = (
				670068C61CD80C0500D18BE8 /* Base */,
			);
			name = Main.storyboard;
			sourceTree = "<group>";
		};
		670068CD1CD80C0500D18BE8 /* LaunchScreen.storyboard */ = {
			isa = PBXVariantGroup;
			children = (
				670068CE1CD80C0500D18BE8 /* Base */,
			);
			name = LaunchScreen.storyboard;
			sourceTree = "<group>";
		};
/* End PBXVariantGroup section */

/* Begin XCBuildConfiguration section */
		670068E71CD80C0600D18BE8 /* Debug */ = {
			isa = XCBuildConfiguration;
			buildSettings = {
				ALWAYS_SEARCH_USER_PATHS = NO;
				CLANG_CXX_LANGUAGE_STANDARD = "gnu++0x";
				CLANG_CXX_LIBRARY = "libc++";
				CLANG_ENABLE_MODULES = YES;
				CLANG_ENABLE_OBJC_ARC = YES;
				CLANG_WARN_BOOL_CONVERSION = YES;
				CLANG_WARN_CONSTANT_CONVERSION = YES;
				CLANG_WARN_DIRECT_OBJC_ISA_USAGE = YES_ERROR;
				CLANG_WARN_EMPTY_BODY = YES;
				CLANG_WARN_ENUM_CONVERSION = YES;
				CLANG_WARN_INT_CONVERSION = YES;
				CLANG_WARN_OBJC_ROOT_CLASS = YES_ERROR;
				CLANG_WARN_UNREACHABLE_CODE = YES;
				CLANG_WARN__DUPLICATE_METHOD_MATCH = YES;
				"CODE_SIGN_IDENTITY[sdk=iphoneos*]" = "iPhone Developer";
				COPY_PHASE_STRIP = NO;
				DEBUG_INFORMATION_FORMAT = dwarf;
				ENABLE_STRICT_OBJC_MSGSEND = YES;
				ENABLE_TESTABILITY = YES;
				GCC_C_LANGUAGE_STANDARD = gnu99;
				GCC_DYNAMIC_NO_PIC = NO;
				GCC_NO_COMMON_BLOCKS = YES;
				GCC_OPTIMIZATION_LEVEL = 0;
				GCC_PREPROCESSOR_DEFINITIONS = (
					"DEBUG=1",
					"$(inherited)",
				);
				GCC_WARN_64_TO_32_BIT_CONVERSION = YES;
				GCC_WARN_ABOUT_RETURN_TYPE = YES_ERROR;
				GCC_WARN_UNDECLARED_SELECTOR = YES;
				GCC_WARN_UNINITIALIZED_AUTOS = YES_AGGRESSIVE;
				GCC_WARN_UNUSED_FUNCTION = YES;
				GCC_WARN_UNUSED_VARIABLE = YES;
				IPHONEOS_DEPLOYMENT_TARGET = 9.2;
				MTL_ENABLE_DEBUG_INFO = YES;
				ONLY_ACTIVE_ARCH = YES;
				SDKROOT = iphoneos;
			};
			name = Debug;
		};
		670068E81CD80C0600D18BE8 /* Release */ = {
			isa = XCBuildConfiguration;
			buildSettings = {
				ALWAYS_SEARCH_USER_PATHS = NO;
				CLANG_CXX_LANGUAGE_STANDARD = "gnu++0x";
				CLANG_CXX_LIBRARY = "libc++";
				CLANG_ENABLE_MODULES = YES;
				CLANG_ENABLE_OBJC_ARC = YES;
				CLANG_WARN_BOOL_CONVERSION = YES;
				CLANG_WARN_CONSTANT_CONVERSION = YES;
				CLANG_WARN_DIRECT_OBJC_ISA_USAGE = YES_ERROR;
				CLANG_WARN_EMPTY_BODY = YES;
				CLANG_WARN_ENUM_CONVERSION = YES;
				CLANG_WARN_INT_CONVERSION = YES;
				CLANG_WARN_OBJC_ROOT_CLASS = YES_ERROR;
				CLANG_WARN_UNREACHABLE_CODE = YES;
				CLANG_WARN__DUPLICATE_METHOD_MATCH = YES;
				"CODE_SIGN_IDENTITY[sdk=iphoneos*]" = "iPhone Developer";
				COPY_PHASE_STRIP = NO;
				DEBUG_INFORMATION_FORMAT = "dwarf-with-dsym";
				ENABLE_NS_ASSERTIONS = NO;
				ENABLE_STRICT_OBJC_MSGSEND = YES;
				GCC_C_LANGUAGE_STANDARD = gnu99;
				GCC_NO_COMMON_BLOCKS = YES;
				GCC_WARN_64_TO_32_BIT_CONVERSION = YES;
				GCC_WARN_ABOUT_RETURN_TYPE = YES_ERROR;
				GCC_WARN_UNDECLARED_SELECTOR = YES;
				GCC_WARN_UNINITIALIZED_AUTOS = YES_AGGRESSIVE;
				GCC_WARN_UNUSED_FUNCTION = YES;
				GCC_WARN_UNUSED_VARIABLE = YES;
				IPHONEOS_DEPLOYMENT_TARGET = 9.2;
				MTL_ENABLE_DEBUG_INFO = NO;
				SDKROOT = iphoneos;
				VALIDATE_PRODUCT = YES;
			};
			name = Release;
		};
		670068EA1CD80C0600D18BE8 /* Debug */ = {
			isa = XCBuildConfiguration;
			buildSettings = {
				ASSETCATALOG_COMPILER_APPICON_NAME = AppIcon;
				GCC_PRECOMPILE_PREFIX_HEADER = YES;
				GCC_PREFIX_HEADER = Kings/Kings.pch;
				INFOPLIST_FILE = Kings/Info.plist;
				IPHONEOS_DEPLOYMENT_TARGET = 9.0;
				LD_RUNPATH_SEARCH_PATHS = "$(inherited) @executable_path/Frameworks";
				PRODUCT_BUNDLE_IDENTIFIER = com.isBSO.Kings;
				PRODUCT_NAME = "$(TARGET_NAME)";
				TARGETED_DEVICE_FAMILY = "1,2";
			};
			name = Debug;
		};
		670068EB1CD80C0600D18BE8 /* Release */ = {
			isa = XCBuildConfiguration;
			buildSettings = {
				ASSETCATALOG_COMPILER_APPICON_NAME = AppIcon;
				GCC_PRECOMPILE_PREFIX_HEADER = YES;
				GCC_PREFIX_HEADER = Kings/Kings.pch;
				INFOPLIST_FILE = Kings/Info.plist;
				IPHONEOS_DEPLOYMENT_TARGET = 9.0;
				LD_RUNPATH_SEARCH_PATHS = "$(inherited) @executable_path/Frameworks";
				PRODUCT_BUNDLE_IDENTIFIER = com.isBSO.Kings;
				PRODUCT_NAME = "$(TARGET_NAME)";
				TARGETED_DEVICE_FAMILY = "1,2";
			};
			name = Release;
		};
		670068ED1CD80C0600D18BE8 /* Debug */ = {
			isa = XCBuildConfiguration;
			buildSettings = {
				BUNDLE_LOADER = "$(TEST_HOST)";
				INFOPLIST_FILE = KingsTests/Info.plist;
				LD_RUNPATH_SEARCH_PATHS = "$(inherited) @executable_path/Frameworks @loader_path/Frameworks";
				PRODUCT_BUNDLE_IDENTIFIER = com.isBSO.KingsTests;
				PRODUCT_NAME = "$(TARGET_NAME)";
				TEST_HOST = "$(BUILT_PRODUCTS_DIR)/Kings.app/Kings";
			};
			name = Debug;
		};
		670068EE1CD80C0600D18BE8 /* Release */ = {
			isa = XCBuildConfiguration;
			buildSettings = {
				BUNDLE_LOADER = "$(TEST_HOST)";
				INFOPLIST_FILE = KingsTests/Info.plist;
				LD_RUNPATH_SEARCH_PATHS = "$(inherited) @executable_path/Frameworks @loader_path/Frameworks";
				PRODUCT_BUNDLE_IDENTIFIER = com.isBSO.KingsTests;
				PRODUCT_NAME = "$(TARGET_NAME)";
				TEST_HOST = "$(BUILT_PRODUCTS_DIR)/Kings.app/Kings";
			};
			name = Release;
		};
		670068F01CD80C0600D18BE8 /* Debug */ = {
			isa = XCBuildConfiguration;
			buildSettings = {
				INFOPLIST_FILE = KingsUITests/Info.plist;
				LD_RUNPATH_SEARCH_PATHS = "$(inherited) @executable_path/Frameworks @loader_path/Frameworks";
				PRODUCT_BUNDLE_IDENTIFIER = com.isBSO.KingsUITests;
				PRODUCT_NAME = "$(TARGET_NAME)";
				TEST_TARGET_NAME = Kings;
				USES_XCTRUNNER = YES;
			};
			name = Debug;
		};
		670068F11CD80C0600D18BE8 /* Release */ = {
			isa = XCBuildConfiguration;
			buildSettings = {
				INFOPLIST_FILE = KingsUITests/Info.plist;
				LD_RUNPATH_SEARCH_PATHS = "$(inherited) @executable_path/Frameworks @loader_path/Frameworks";
				PRODUCT_BUNDLE_IDENTIFIER = com.isBSO.KingsUITests;
				PRODUCT_NAME = "$(TARGET_NAME)";
				TEST_TARGET_NAME = Kings;
				USES_XCTRUNNER = YES;
			};
			name = Release;
		};
/* End XCBuildConfiguration section */

/* Begin XCConfigurationList section */
		670068B41CD80C0500D18BE8 /* Build configuration list for PBXProject "Kings" */ = {
			isa = XCConfigurationList;
			buildConfigurations = (
				670068E71CD80C0600D18BE8 /* Debug */,
				670068E81CD80C0600D18BE8 /* Release */,
			);
			defaultConfigurationIsVisible = 0;
			defaultConfigurationName = Release;
		};
		670068E91CD80C0600D18BE8 /* Build configuration list for PBXNativeTarget "Kings" */ = {
			isa = XCConfigurationList;
			buildConfigurations = (
				670068EA1CD80C0600D18BE8 /* Debug */,
				670068EB1CD80C0600D18BE8 /* Release */,
			);
			defaultConfigurationIsVisible = 0;
			defaultConfigurationName = Release;
		};
		670068EC1CD80C0600D18BE8 /* Build configuration list for PBXNativeTarget "KingsTests" */ = {
			isa = XCConfigurationList;
			buildConfigurations = (
				670068ED1CD80C0600D18BE8 /* Debug */,
				670068EE1CD80C0600D18BE8 /* Release */,
			);
			defaultConfigurationIsVisible = 0;
			defaultConfigurationName = Release;
		};
		670068EF1CD80C0600D18BE8 /* Build configuration list for PBXNativeTarget "KingsUITests" */ = {
			isa = XCConfigurationList;
			buildConfigurations = (
				670068F01CD80C0600D18BE8 /* Debug */,
				670068F11CD80C0600D18BE8 /* Release */,
			);
			defaultConfigurationIsVisible = 0;
			defaultConfigurationName = Release;
		};
/* End XCConfigurationList section */

/* Begin XCVersionGroup section */
		670068C81CD80C0500D18BE8 /* Kings.xcdatamodeld */ = {
			isa = XCVersionGroup;
			children = (
				670068C91CD80C0500D18BE8 /* Kings.xcdatamodel */,
			);
			currentVersion = 670068C91CD80C0500D18BE8 /* Kings.xcdatamodel */;
			path = Kings.xcdatamodeld;
			sourceTree = "<group>";
			versionGroupType = wrapper.xcdatamodel;
		};
/* End XCVersionGroup section */
	};
	rootObject = 670068B11CD80C0500D18BE8 /* Project object */;
}
